
Microsoft Visual Studio Solution File, Format Version 12.00
# Visual Studio Version 16
VisualStudioVersion = 16.0.32428.217
MinimumVisualStudioVersion = 10.0.40219.1
Project("{FAE04EC0-301F-11D3-BF4B-00C04F79EFBC}") = "Contacts001", "Contacts001.csproj", "{79C144CA-27DE-45E6-A506-9E95F93F6031}"
EndProject
Global
	GlobalSection(SolutionConfigurationPlatforms) = preSolution
		Debug|Any CPU = Debug|Any CPU
		Release|Any CPU = Release|Any CPU
	EndGlobalSection
	GlobalSection(ProjectConfigurationPlatforms) = postSolution
		{79C144CA-27DE-45E6-A506-9E95F93F6031}.Debug|Any CPU.ActiveCfg = Debug|Any CPU
		{79C144CA-27DE-45E6-A506-9E95F93F6031}.Debug|Any CPU.Build.0 = Debug|Any CPU
		{79C144CA-27DE-45E6-A506-9E95F93F6031}.Release|Any CPU.ActiveCfg = Release|Any CPU
		{79C144CA-27DE-45E6-A506-9E95F93F6031}.Release|Any CPU.Build.0 = Release|Any CPU
	EndGlobalSection
	GlobalSection(SolutionProperties) = preSolution
		HideSolutionNode = FALSE
	EndGlobalSection
	GlobalSection(ExtensibilityGlobals) = postSolution
		SolutionGuid = {86202A6E-F99D-4228-950C-2B4E080BFCDE}
	EndGlobalSection
EndGlobal
